
Microsoft Visual Studio Solution File, Format Version 12.00
# Visual Studio 15
VisualStudioVersion = 15.0.27703.2035
MinimumVisualStudioVersion = 10.0.40219.1
Project("{FAE04EC0-301F-11D3-BF4B-00C04F79EFBC}") = "MoreOnClasses_Table_Coffetable_Array", "MoreOnClasses_Table_Coffetable_Array\MoreOnClasses_Table_Coffetable_Array.csproj", "{937DE9BA-CFC2-4A31-8B87-2CF48514347D}"
EndProject
Global
	GlobalSection(SolutionConfigurationPlatforms) = preSolution
		Debug|Any CPU = Debug|Any CPU
		Release|Any CPU = Release|Any CPU
	EndGlobalSection
	GlobalSection(ProjectConfigurationPlatforms) = postSolution
		{937DE9BA-CFC2-4A31-8B87-2CF48514347D}.Debug|Any CPU.ActiveCfg = Debug|Any CPU
		{937DE9BA-CFC2-4A31-8B87-2CF48514347D}.Debug|Any CPU.Build.0 = Debug|Any CPU
		{937DE9BA-CFC2-4A31-8B87-2CF48514347D}.Release|Any CPU.ActiveCfg = Release|Any CPU
		{937DE9BA-CFC2-4A31-8B87-2CF48514347D}.Release|Any CPU.Build.0 = Release|Any CPU
	EndGlobalSection
	GlobalSection(SolutionProperties) = preSolution
		HideSolutionNode = FALSE
	EndGlobalSection
	GlobalSection(ExtensibilityGlobals) = postSolution
		SolutionGuid = {B571D56C-95E8-4407-BAD3-0B241B6A1257}
	EndGlobalSection
EndGlobal
